// !$*UTF8*$!
{
	archiveVersion = 1;
	classes = {
	};
	objectVersion = 46;
	objects = {

/* Begin PBXBuildFile section */
		521B2AAB190F330A00A8F04F /* Person.m in Sources */ = {isa = PBXBuildFile; fileRef = 521B2AAA190F330A00A8F04F /* Person.m */; };
		521B2AAE190F334F00A8F04F /* Pet.m in Sources */ = {isa = PBXBuildFile; fileRef = 521B2AAD190F334F00A8F04F /* Pet.m */; };
		521B2AB2190F357D00A8F04F /* TGRESTEasyAPI.m in Sources */ = {isa = PBXBuildFile; fileRef = 521B2AB1190F357D00A8F04F /* TGRESTEasyAPI.m */; };
		521B2AB5190F378200A8F04F /* TGPersonTableViewController.m in Sources */ = {isa = PBXBuildFile; fileRef = 521B2AB4190F378200A8F04F /* TGPersonTableViewController.m */; };
		521B2AB8190F378E00A8F04F /* TGPetTableViewController.m in Sources */ = {isa = PBXBuildFile; fileRef = 521B2AB7190F378D00A8F04F /* TGPetTableViewController.m */; };
		521B2B1019101AB300A8F04F /* TGRESTServer.m in Sources */ = {isa = PBXBuildFile; fileRef = 521B2AF919101AB300A8F04F /* TGRESTServer.m */; };
		521B2B1119101AB300A8F04F /* TGRESTDefaultController.m in Sources */ = {isa = PBXBuildFile; fileRef = 521B2AFB19101AB300A8F04F /* TGRESTDefaultController.m */; };
		521B2B1219101AB300A8F04F /* TGRESTDefaultSerializer.m in Sources */ = {isa = PBXBuildFile; fileRef = 521B2AFD19101AB300A8F04F /* TGRESTDefaultSerializer.m */; };
		521B2B1319101AB300A8F04F /* TGRESTResource.m in Sources */ = {isa = PBXBuildFile; fileRef = 521B2B0019101AB300A8F04F /* TGRESTResource.m */; };
		521B2B1419101AB300A8F04F /* TGPrivateFunctions.m in Sources */ = {isa = PBXBuildFile; fileRef = 521B2B0319101AB300A8F04F /* TGPrivateFunctions.m */; };
		521B2B1519101AB300A8F04F /* TGRESTInMemoryStore.m in Sources */ = {isa = PBXBuildFile; fileRef = 521B2B0A19101AB300A8F04F /* TGRESTInMemoryStore.m */; };
		521B2B1619101AB300A8F04F /* TGRESTSqliteStore.m in Sources */ = {isa = PBXBuildFile; fileRef = 521B2B0C19101AB300A8F04F /* TGRESTSqliteStore.m */; };
		521B2B1719101AB300A8F04F /* TGRESTStore.m in Sources */ = {isa = PBXBuildFile; fileRef = 521B2B0E19101AB300A8F04F /* TGRESTStore.m */; };
		527CCBA7190DD1CF004DFD92 /* Foundation.framework in Frameworks */ = {isa = PBXBuildFile; fileRef = 527CCBA6190DD1CF004DFD92 /* Foundation.framework */; };
		527CCBA9190DD1CF004DFD92 /* CoreGraphics.framework in Frameworks */ = {isa = PBXBuildFile; fileRef = 527CCBA8190DD1CF004DFD92 /* CoreGraphics.framework */; };
		527CCBAB190DD1CF004DFD92 /* UIKit.framework in Frameworks */ = {isa = PBXBuildFile; fileRef = 527CCBAA190DD1CF004DFD92 /* UIKit.framework */; };
		527CCBB1190DD1CF004DFD92 /* InfoPlist.strings in Resources */ = {isa = PBXBuildFile; fileRef = 527CCBAF190DD1CF004DFD92 /* InfoPlist.strings */; };
		527CCBB3190DD1CF004DFD92 /* main.m in Sources */ = {isa = PBXBuildFile; fileRef = 527CCBB2190DD1CF004DFD92 /* main.m */; };
		527CCBB7190DD1CF004DFD92 /* TGAppDelegate.m in Sources */ = {isa = PBXBuildFile; fileRef = 527CCBB6190DD1CF004DFD92 /* TGAppDelegate.m */; };
		527CCBBA190DD1CF004DFD92 /* Main.storyboard in Resources */ = {isa = PBXBuildFile; fileRef = 527CCBB8190DD1CF004DFD92 /* Main.storyboard */; };
		527CCBBF190DD1CF004DFD92 /* Images.xcassets in Resources */ = {isa = PBXBuildFile; fileRef = 527CCBBE190DD1CF004DFD92 /* Images.xcassets */; };
		D0E5AF8015184CB4837B5A51 /* libPods-RESTEasyApp.a in Frameworks */ = {isa = PBXBuildFile; fileRef = 123DF7B39AC840EBBF3F60D0 /* libPods-RESTEasyApp.a */; };
/* End PBXBuildFile section */

/* Begin PBXFileReference section */
		123DF7B39AC840EBBF3F60D0 /* libPods-RESTEasyApp.a */ = {isa = PBXFileReference; explicitFileType = archive.ar; includeInIndex = 0; path = "libPods-RESTEasyApp.a"; sourceTree = BUILT_PRODUCTS_DIR; };
		34CB08749A3D45D98F9363E5 /* Pods-RESTEasyApp.xcconfig */ = {isa = PBXFileReference; includeInIndex = 1; lastKnownFileType = text.xcconfig; name = "Pods-RESTEasyApp.xcconfig"; path = "../../Pods/Pods-RESTEasyApp.xcconfig"; sourceTree = "<group>"; };
		521B2AA9190F330A00A8F04F /* Person.h */ = {isa = PBXFileReference; fileEncoding = 4; lastKnownFileType = sourcecode.c.h; path = Person.h; sourceTree = "<group>"; };
		521B2AAA190F330A00A8F04F /* Person.m */ = {isa = PBXFileReference; fileEncoding = 4; lastKnownFileType = sourcecode.c.objc; path = Person.m; sourceTree = "<group>"; };
		521B2AAC190F334F00A8F04F /* Pet.h */ = {isa = PBXFileReference; fileEncoding = 4; lastKnownFileType = sourcecode.c.h; path = Pet.h; sourceTree = "<group>"; };
		521B2AAD190F334F00A8F04F /* Pet.m */ = {isa = PBXFileReference; fileEncoding = 4; lastKnownFileType = sourcecode.c.objc; path = Pet.m; sourceTree = "<group>"; };
		521B2AB0190F357D00A8F04F /* TGRESTEasyAPI.h */ = {isa = PBXFileReference; fileEncoding = 4; lastKnownFileType = sourcecode.c.h; path = TGRESTEasyAPI.h; sourceTree = "<group>"; };
		521B2AB1190F357D00A8F04F /* TGRESTEasyAPI.m */ = {isa = PBXFileReference; fileEncoding = 4; lastKnownFileType = sourcecode.c.objc; path = TGRESTEasyAPI.m; sourceTree = "<group>"; };
		521B2AB3190F378200A8F04F /* TGPersonTableViewController.h */ = {isa = PBXFileReference; fileEncoding = 4; lastKnownFileType = sourcecode.c.h; path = TGPersonTableViewController.h; sourceTree = "<group>"; };
		521B2AB4190F378200A8F04F /* TGPersonTableViewController.m */ = {isa = PBXFileReference; fileEncoding = 4; lastKnownFileType = sourcecode.c.objc; path = TGPersonTableViewController.m; sourceTree = "<group>"; };
		521B2AB6190F378D00A8F04F /* TGPetTableViewController.h */ = {isa = PBXFileReference; fileEncoding = 4; lastKnownFileType = sourcecode.c.h; path = TGPetTableViewController.h; sourceTree = "<group>"; };
		521B2AB7190F378D00A8F04F /* TGPetTableViewController.m */ = {isa = PBXFileReference; fileEncoding = 4; lastKnownFileType = sourcecode.c.objc; path = TGPetTableViewController.m; sourceTree = "<group>"; };
		521B2AF719101AB300A8F04F /* RESTEasy.h */ = {isa = PBXFileReference; fileEncoding = 4; lastKnownFileType = sourcecode.c.h; name = RESTEasy.h; path = ../../Classes/RESTEasy.h; sourceTree = "<group>"; };
		521B2AF819101AB300A8F04F /* TGRESTServer.h */ = {isa = PBXFileReference; fileEncoding = 4; lastKnownFileType = sourcecode.c.h; name = TGRESTServer.h; path = ../../Classes/TGRESTServer.h; sourceTree = "<group>"; };
		521B2AF919101AB300A8F04F /* TGRESTServer.m */ = {isa = PBXFileReference; fileEncoding = 4; lastKnownFileType = sourcecode.c.objc; name = TGRESTServer.m; path = ../../Classes/TGRESTServer.m; sourceTree = "<group>"; };
		521B2AFA19101AB300A8F04F /* TGRESTDefaultController.h */ = {isa = PBXFileReference; fileEncoding = 4; lastKnownFileType = sourcecode.c.h; name = TGRESTDefaultController.h; path = Classes/TGRESTDefaultController.h; sourceTree = "<group>"; };
		521B2AFB19101AB300A8F04F /* TGRESTDefaultController.m */ = {isa = PBXFileReference; fileEncoding = 4; lastKnownFileType = sourcecode.c.objc; name = TGRESTDefaultController.m; path = Classes/TGRESTDefaultController.m; sourceTree = "<group>"; };
		521B2AFC19101AB300A8F04F /* TGRESTDefaultSerializer.h */ = {isa = PBXFileReference; fileEncoding = 4; lastKnownFileType = sourcecode.c.h; name = TGRESTDefaultSerializer.h; path = Classes/TGRESTDefaultSerializer.h; sourceTree = "<group>"; };
		521B2AFD19101AB300A8F04F /* TGRESTDefaultSerializer.m */ = {isa = PBXFileReference; fileEncoding = 4; lastKnownFileType = sourcecode.c.objc; name = TGRESTDefaultSerializer.m; path = Classes/TGRESTDefaultSerializer.m; sourceTree = "<group>"; };
		521B2AFF19101AB300A8F04F /* TGRESTResource.h */ = {isa = PBXFileReference; fileEncoding = 4; lastKnownFileType = sourcecode.c.h; name = TGRESTResource.h; path = Classes/TGRESTResource.h; sourceTree = "<group>"; };
		521B2B0019101AB300A8F04F /* TGRESTResource.m */ = {isa = PBXFileReference; fileEncoding = 4; lastKnownFileType = sourcecode.c.objc; name = TGRESTResource.m; path = Classes/TGRESTResource.m; sourceTree = "<group>"; };
		521B2B0219101AB300A8F04F /* TGPrivateFunctions.h */ = {isa = PBXFileReference; fileEncoding = 4; lastKnownFileType = sourcecode.c.h; path = TGPrivateFunctions.h; sourceTree = "<group>"; };
		521B2B0319101AB300A8F04F /* TGPrivateFunctions.m */ = {isa = PBXFileReference; fileEncoding = 4; lastKnownFileType = sourcecode.c.objc; path = TGPrivateFunctions.m; sourceTree = "<group>"; };
		521B2B0419101AB300A8F04F /* TGRESTEasyLogging.h */ = {isa = PBXFileReference; fileEncoding = 4; lastKnownFileType = sourcecode.c.h; path = TGRESTEasyLogging.h; sourceTree = "<group>"; };
		521B2B0619101AB300A8F04F /* TGRESTController.h */ = {isa = PBXFileReference; fileEncoding = 4; lastKnownFileType = sourcecode.c.h; name = TGRESTController.h; path = Classes/TGRESTController.h; sourceTree = "<group>"; };
		521B2B0719101AB300A8F04F /* TGRESTSerializer.h */ = {isa = PBXFileReference; fileEncoding = 4; lastKnownFileType = sourcecode.c.h; name = TGRESTSerializer.h; path = Classes/TGRESTSerializer.h; sourceTree = "<group>"; };
		521B2B0919101AB300A8F04F /* TGRESTInMemoryStore.h */ = {isa = PBXFileReference; fileEncoding = 4; lastKnownFileType = sourcecode.c.h; name = TGRESTInMemoryStore.h; path = Classes/TGRESTInMemoryStore.h; sourceTree = "<group>"; };
		521B2B0A19101AB300A8F04F /* TGRESTInMemoryStore.m */ = {isa = PBXFileReference; fileEncoding = 4; lastKnownFileType = sourcecode.c.objc; name = TGRESTInMemoryStore.m; path = Classes/TGRESTInMemoryStore.m; sourceTree = "<group>"; };
		521B2B0B19101AB300A8F04F /* TGRESTSqliteStore.h */ = {isa = PBXFileReference; fileEncoding = 4; lastKnownFileType = sourcecode.c.h; name = TGRESTSqliteStore.h; path = Classes/sqlite/TGRESTSqliteStore.h; sourceTree = "<group>"; };
		521B2B0C19101AB300A8F04F /* TGRESTSqliteStore.m */ = {isa = PBXFileReference; fileEncoding = 4; lastKnownFileType = sourcecode.c.objc; name = TGRESTSqliteStore.m; path = Classes/sqlite/TGRESTSqliteStore.m; sourceTree = "<group>"; };
		521B2B0D19101AB300A8F04F /* TGRESTStore.h */ = {isa = PBXFileReference; fileEncoding = 4; lastKnownFileType = sourcecode.c.h; name = TGRESTStore.h; path = Classes/TGRESTStore.h; sourceTree = "<group>"; };
		521B2B0E19101AB300A8F04F /* TGRESTStore.m */ = {isa = PBXFileReference; fileEncoding = 4; lastKnownFileType = sourcecode.c.objc; name = TGRESTStore.m; path = Classes/TGRESTStore.m; sourceTree = "<group>"; };
		527CCBA3190DD1CF004DFD92 /* RESTEasyApp.app */ = {isa = PBXFileReference; explicitFileType = wrapper.application; includeInIndex = 0; path = RESTEasyApp.app; sourceTree = BUILT_PRODUCTS_DIR; };
		527CCBA6190DD1CF004DFD92 /* Foundation.framework */ = {isa = PBXFileReference; lastKnownFileType = wrapper.framework; name = Foundation.framework; path = System/Library/Frameworks/Foundation.framework; sourceTree = SDKROOT; };
		527CCBA8190DD1CF004DFD92 /* CoreGraphics.framework */ = {isa = PBXFileReference; lastKnownFileType = wrapper.framework; name = CoreGraphics.framework; path = System/Library/Frameworks/CoreGraphics.framework; sourceTree = SDKROOT; };
		527CCBAA190DD1CF004DFD92 /* UIKit.framework */ = {isa = PBXFileReference; lastKnownFileType = wrapper.framework; name = UIKit.framework; path = System/Library/Frameworks/UIKit.framework; sourceTree = SDKROOT; };
		527CCBAE190DD1CF004DFD92 /* RESTEasyApp-Info.plist */ = {isa = PBXFileReference; lastKnownFileType = text.plist.xml; path = "RESTEasyApp-Info.plist"; sourceTree = "<group>"; };
		527CCBB0190DD1CF004DFD92 /* en */ = {isa = PBXFileReference; lastKnownFileType = text.plist.strings; name = en; path = en.lproj/InfoPlist.strings; sourceTree = "<group>"; };
		527CCBB2190DD1CF004DFD92 /* main.m */ = {isa = PBXFileReference; lastKnownFileType = sourcecode.c.objc; path = main.m; sourceTree = "<group>"; };
		527CCBB4190DD1CF004DFD92 /* RESTEasyApp-Prefix.pch */ = {isa = PBXFileReference; lastKnownFileType = sourcecode.c.h; path = "RESTEasyApp-Prefix.pch"; sourceTree = "<group>"; };
		527CCBB5190DD1CF004DFD92 /* TGAppDelegate.h */ = {isa = PBXFileReference; lastKnownFileType = sourcecode.c.h; path = TGAppDelegate.h; sourceTree = "<group>"; };
		527CCBB6190DD1CF004DFD92 /* TGAppDelegate.m */ = {isa = PBXFileReference; lastKnownFileType = sourcecode.c.objc; path = TGAppDelegate.m; sourceTree = "<group>"; };
		527CCBB9190DD1CF004DFD92 /* Base */ = {isa = PBXFileReference; lastKnownFileType = file.storyboard; name = Base; path = Base.lproj/Main.storyboard; sourceTree = "<group>"; };
		527CCBBE190DD1CF004DFD92 /* Images.xcassets */ = {isa = PBXFileReference; lastKnownFileType = folder.assetcatalog; path = Images.xcassets; sourceTree = "<group>"; };
		527CCBC5190DD1CF004DFD92 /* XCTest.framework */ = {isa = PBXFileReference; lastKnownFileType = wrapper.framework; name = XCTest.framework; path = Library/Frameworks/XCTest.framework; sourceTree = DEVELOPER_DIR; };
/* End PBXFileReference section */

/* Begin PBXFrameworksBuildPhase section */
		527CCBA0190DD1CF004DFD92 /* Frameworks */ = {
			isa = PBXFrameworksBuildPhase;
			buildActionMask = 2147483647;
			files = (
				527CCBA9190DD1CF004DFD92 /* CoreGraphics.framework in Frameworks */,
				527CCBAB190DD1CF004DFD92 /* UIKit.framework in Frameworks */,
				527CCBA7190DD1CF004DFD92 /* Foundation.framework in Frameworks */,
				D0E5AF8015184CB4837B5A51 /* libPods-RESTEasyApp.a in Frameworks */,
			);
			runOnlyForDeploymentPostprocessing = 0;
		};
/* End PBXFrameworksBuildPhase section */

/* Begin PBXGroup section */
		521B2AA6190F32B000A8F04F /* Models */ = {
			isa = PBXGroup;
			children = (
				521B2AA9190F330A00A8F04F /* Person.h */,
				521B2AAA190F330A00A8F04F /* Person.m */,
				521B2AAC190F334F00A8F04F /* Pet.h */,
				521B2AAD190F334F00A8F04F /* Pet.m */,
			);
			name = Models;
			sourceTree = "<group>";
		};
		521B2AAF190F353B00A8F04F /* Network */ = {
			isa = PBXGroup;
			children = (
				521B2AB0190F357D00A8F04F /* TGRESTEasyAPI.h */,
				521B2AB1190F357D00A8F04F /* TGRESTEasyAPI.m */,
			);
			name = Network;
			sourceTree = "<group>";
		};
		521B2AFE19101AB300A8F04F /* Controller */ = {
			isa = PBXGroup;
			children = (
				521B2AFA19101AB300A8F04F /* TGRESTDefaultController.h */,
				521B2AFB19101AB300A8F04F /* TGRESTDefaultController.m */,
				521B2AFC19101AB300A8F04F /* TGRESTDefaultSerializer.h */,
				521B2AFD19101AB300A8F04F /* TGRESTDefaultSerializer.m */,
			);
			name = Controller;
			path = ../..;
			sourceTree = "<group>";
		};
		521B2B0119101AB300A8F04F /* Model */ = {
			isa = PBXGroup;
			children = (
				521B2AFF19101AB300A8F04F /* TGRESTResource.h */,
				521B2B0019101AB300A8F04F /* TGRESTResource.m */,
			);
			name = Model;
			path = ../..;
			sourceTree = "<group>";
		};
		521B2B0519101AB300A8F04F /* Private */ = {
			isa = PBXGroup;
			children = (
				521B2B0219101AB300A8F04F /* TGPrivateFunctions.h */,
				521B2B0319101AB300A8F04F /* TGPrivateFunctions.m */,
				521B2B0419101AB300A8F04F /* TGRESTEasyLogging.h */,
			);
			name = Private;
			path = ../../Classes/Private;
			sourceTree = "<group>";
		};
		521B2B0819101AB300A8F04F /* Protocols */ = {
			isa = PBXGroup;
			children = (
				521B2B0619101AB300A8F04F /* TGRESTController.h */,
				521B2B0719101AB300A8F04F /* TGRESTSerializer.h */,
			);
			name = Protocols;
			path = ../..;
			sourceTree = "<group>";
		};
		521B2B0F19101AB300A8F04F /* Store */ = {
			isa = PBXGroup;
			children = (
				521B2B0919101AB300A8F04F /* TGRESTInMemoryStore.h */,
				521B2B0A19101AB300A8F04F /* TGRESTInMemoryStore.m */,
				521B2B0B19101AB300A8F04F /* TGRESTSqliteStore.h */,
				521B2B0C19101AB300A8F04F /* TGRESTSqliteStore.m */,
				521B2B0D19101AB300A8F04F /* TGRESTStore.h */,
				521B2B0E19101AB300A8F04F /* TGRESTStore.m */,
			);
			name = Store;
			path = ../..;
			sourceTree = "<group>";
		};
		527CCB9A190DD1CF004DFD92 = {
			isa = PBXGroup;
			children = (
				527CCBAC190DD1CF004DFD92 /* RESTEasyApp */,
				527CCBA5190DD1CF004DFD92 /* Frameworks */,
				527CCBA4190DD1CF004DFD92 /* Products */,
				527CCBDB190DD2CE004DFD92 /* Vendor */,
				34CB08749A3D45D98F9363E5 /* Pods-RESTEasyApp.xcconfig */,
			);
			sourceTree = "<group>";
		};
		527CCBA4190DD1CF004DFD92 /* Products */ = {
			isa = PBXGroup;
			children = (
				527CCBA3190DD1CF004DFD92 /* RESTEasyApp.app */,
			);
			name = Products;
			sourceTree = "<group>";
		};
		527CCBA5190DD1CF004DFD92 /* Frameworks */ = {
			isa = PBXGroup;
			children = (
				527CCBA6190DD1CF004DFD92 /* Foundation.framework */,
				527CCBA8190DD1CF004DFD92 /* CoreGraphics.framework */,
				527CCBAA190DD1CF004DFD92 /* UIKit.framework */,
				527CCBC5190DD1CF004DFD92 /* XCTest.framework */,
				123DF7B39AC840EBBF3F60D0 /* libPods-RESTEasyApp.a */,
			);
			name = Frameworks;
			sourceTree = "<group>";
		};
		527CCBAC190DD1CF004DFD92 /* RESTEasyApp */ = {
			isa = PBXGroup;
			children = (
				521B2AAF190F353B00A8F04F /* Network */,
				521B2AA6190F32B000A8F04F /* Models */,
				527CCC91190EA3F1004DFD92 /* Controllers */,
				527CCBB5190DD1CF004DFD92 /* TGAppDelegate.h */,
				527CCBB6190DD1CF004DFD92 /* TGAppDelegate.m */,
				527CCBB8190DD1CF004DFD92 /* Main.storyboard */,
				527CCBBE190DD1CF004DFD92 /* Images.xcassets */,
				527CCBAD190DD1CF004DFD92 /* Supporting Files */,
			);
			path = RESTEasyApp;
			sourceTree = "<group>";
		};
		527CCBAD190DD1CF004DFD92 /* Supporting Files */ = {
			isa = PBXGroup;
			children = (
				527CCBAE190DD1CF004DFD92 /* RESTEasyApp-Info.plist */,
				527CCBAF190DD1CF004DFD92 /* InfoPlist.strings */,
				527CCBB2190DD1CF004DFD92 /* main.m */,
				527CCBB4190DD1CF004DFD92 /* RESTEasyApp-Prefix.pch */,
			);
			name = "Supporting Files";
			sourceTree = "<group>";
		};
		527CCBDB190DD2CE004DFD92 /* Vendor */ = {
			isa = PBXGroup;
			children = (
				527CCBDC190DD2D5004DFD92 /* RESTEasy */,
			);
			name = Vendor;
			sourceTree = "<group>";
		};
		527CCBDC190DD2D5004DFD92 /* RESTEasy */ = {
			isa = PBXGroup;
			children = (
				521B2AF719101AB300A8F04F /* RESTEasy.h */,
				521B2AF819101AB300A8F04F /* TGRESTServer.h */,
				521B2AF919101AB300A8F04F /* TGRESTServer.m */,
				521B2AFE19101AB300A8F04F /* Controller */,
				521B2B0119101AB300A8F04F /* Model */,
				521B2B0519101AB300A8F04F /* Private */,
				521B2B0819101AB300A8F04F /* Protocols */,
				521B2B0F19101AB300A8F04F /* Store */,
			);
			name = RESTEasy;
			sourceTree = "<group>";
		};
		527CCC91190EA3F1004DFD92 /* Controllers */ = {
			isa = PBXGroup;
			children = (
				521B2AB3190F378200A8F04F /* TGPersonTableViewController.h */,
				521B2AB4190F378200A8F04F /* TGPersonTableViewController.m */,
				521B2AB6190F378D00A8F04F /* TGPetTableViewController.h */,
				521B2AB7190F378D00A8F04F /* TGPetTableViewController.m */,
			);
			name = Controllers;
			sourceTree = "<group>";
		};
/* End PBXGroup section */

/* Begin PBXNativeTarget section */
		527CCBA2190DD1CF004DFD92 /* RESTEasyApp */ = {
			isa = PBXNativeTarget;
			buildConfigurationList = 527CCBD5190DD1CF004DFD92 /* Build configuration list for PBXNativeTarget "RESTEasyApp" */;
			buildPhases = (
				B39B858513DB450B953A53C0 /* Check Pods Manifest.lock */,
				527CCB9F190DD1CF004DFD92 /* Sources */,
				527CCBA0190DD1CF004DFD92 /* Frameworks */,
				527CCBA1190DD1CF004DFD92 /* Resources */,
				B461BD8A02D2416589EFD678 /* Copy Pods Resources */,
			);
			buildRules = (
			);
			dependencies = (
			);
			name = RESTEasyApp;
			productName = RESTEasyApp;
			productReference = 527CCBA3190DD1CF004DFD92 /* RESTEasyApp.app */;
			productType = "com.apple.product-type.application";
		};
/* End PBXNativeTarget section */

/* Begin PBXProject section */
		527CCB9B190DD1CF004DFD92 /* Project object */ = {
			isa = PBXProject;
			attributes = {
				CLASSPREFIX = TG;
				LastUpgradeCheck = 0510;
				ORGANIZATIONNAME = "Tiny Little Gears";
			};
			buildConfigurationList = 527CCB9E190DD1CF004DFD92 /* Build configuration list for PBXProject "RESTEasyApp" */;
			compatibilityVersion = "Xcode 3.2";
			developmentRegion = English;
			hasScannedForEncodings = 0;
			knownRegions = (
				en,
				Base,
			);
			mainGroup = 527CCB9A190DD1CF004DFD92;
			productRefGroup = 527CCBA4190DD1CF004DFD92 /* Products */;
			projectDirPath = "";
			projectRoot = "";
			targets = (
				527CCBA2190DD1CF004DFD92 /* RESTEasyApp */,
			);
		};
/* End PBXProject section */

/* Begin PBXResourcesBuildPhase section */
		527CCBA1190DD1CF004DFD92 /* Resources */ = {
			isa = PBXResourcesBuildPhase;
			buildActionMask = 2147483647;
			files = (
				527CCBBF190DD1CF004DFD92 /* Images.xcassets in Resources */,
				527CCBB1190DD1CF004DFD92 /* InfoPlist.strings in Resources */,
				527CCBBA190DD1CF004DFD92 /* Main.storyboard in Resources */,
			);
			runOnlyForDeploymentPostprocessing = 0;
		};
/* End PBXResourcesBuildPhase section */

/* Begin PBXShellScriptBuildPhase section */
		B39B858513DB450B953A53C0 /* Check Pods Manifest.lock */ = {
			isa = PBXShellScriptBuildPhase;
			buildActionMask = 2147483647;
			files = (
			);
			inputPaths = (
			);
			name = "Check Pods Manifest.lock";
			outputPaths = (
			);
			runOnlyForDeploymentPostprocessing = 0;
			shellPath = /bin/sh;
			shellScript = "diff \"${PODS_ROOT}/../Podfile.lock\" \"${PODS_ROOT}/Manifest.lock\" > /dev/null\nif [[ $? != 0 ]] ; then\n    cat << EOM\nerror: The sandbox is not in sync with the Podfile.lock. Run 'pod install' or update your CocoaPods installation.\nEOM\n    exit 1\nfi\n";
			showEnvVarsInLog = 0;
		};
		B461BD8A02D2416589EFD678 /* Copy Pods Resources */ = {
			isa = PBXShellScriptBuildPhase;
			buildActionMask = 2147483647;
			files = (
			);
			inputPaths = (
			);
			name = "Copy Pods Resources";
			outputPaths = (
			);
			runOnlyForDeploymentPostprocessing = 0;
			shellPath = /bin/sh;
			shellScript = "\"${SRCROOT}/../../Pods/Pods-RESTEasyApp-resources.sh\"\n";
			showEnvVarsInLog = 0;
		};
/* End PBXShellScriptBuildPhase section */

/* Begin PBXSourcesBuildPhase section */
		527CCB9F190DD1CF004DFD92 /* Sources */ = {
			isa = PBXSourcesBuildPhase;
			buildActionMask = 2147483647;
			files = (
				521B2B1719101AB300A8F04F /* TGRESTStore.m in Sources */,
				521B2B1619101AB300A8F04F /* TGRESTSqliteStore.m in Sources */,
				527CCBB3190DD1CF004DFD92 /* main.m in Sources */,
				521B2B1019101AB300A8F04F /* TGRESTServer.m in Sources */,
				521B2B1519101AB300A8F04F /* TGRESTInMemoryStore.m in Sources */,
				521B2AB5190F378200A8F04F /* TGPersonTableViewController.m in Sources */,
				521B2AAB190F330A00A8F04F /* Person.m in Sources */,
				521B2B1119101AB300A8F04F /* TGRESTDefaultController.m in Sources */,
				521B2B1319101AB300A8F04F /* TGRESTResource.m in Sources */,
				521B2AB2190F357D00A8F04F /* TGRESTEasyAPI.m in Sources */,
				527CCBB7190DD1CF004DFD92 /* TGAppDelegate.m in Sources */,
				521B2AAE190F334F00A8F04F /* Pet.m in Sources */,
				521B2B1219101AB300A8F04F /* TGRESTDefaultSerializer.m in Sources */,
				521B2B1419101AB300A8F04F /* TGPrivateFunctions.m in Sources */,
				521B2AB8190F378E00A8F04F /* TGPetTableViewController.m in Sources */,
			);
			runOnlyForDeploymentPostprocessing = 0;
		};
/* End PBXSourcesBuildPhase section */

/* Begin PBXVariantGroup section */
		527CCBAF190DD1CF004DFD92 /* InfoPlist.strings */ = {
			isa = PBXVariantGroup;
			children = (
				527CCBB0190DD1CF004DFD92 /* en */,
			);
			name = InfoPlist.strings;
			sourceTree = "<group>";
		};
		527CCBB8190DD1CF004DFD92 /* Main.storyboard */ = {
			isa = PBXVariantGroup;
			children = (
				527CCBB9190DD1CF004DFD92 /* Base */,
			);
			name = Main.storyboard;
			sourceTree = "<group>";
		};
/* End PBXVariantGroup section */

/* Begin XCBuildConfiguration section */
		527CCBD3190DD1CF004DFD92 /* Debug */ = {
			isa = XCBuildConfiguration;
			buildSettings = {
				ALWAYS_SEARCH_USER_PATHS = NO;
				CLANG_CXX_LANGUAGE_STANDARD = "gnu++0x";
				CLANG_CXX_LIBRARY = "libc++";
				CLANG_ENABLE_MODULES = YES;
				CLANG_ENABLE_OBJC_ARC = YES;
				CLANG_WARN_BOOL_CONVERSION = YES;
				CLANG_WARN_CONSTANT_CONVERSION = YES;
				CLANG_WARN_DIRECT_OBJC_ISA_USAGE = YES_ERROR;
				CLANG_WARN_EMPTY_BODY = YES;
				CLANG_WARN_ENUM_CONVERSION = YES;
				CLANG_WARN_INT_CONVERSION = YES;
				CLANG_WARN_OBJC_ROOT_CLASS = YES_ERROR;
				CLANG_WARN__DUPLICATE_METHOD_MATCH = YES;
				"CODE_SIGN_IDENTITY[sdk=iphoneos*]" = "iPhone Developer";
				COPY_PHASE_STRIP = NO;
				GCC_C_LANGUAGE_STANDARD = gnu99;
				GCC_DYNAMIC_NO_PIC = NO;
				GCC_OPTIMIZATION_LEVEL = 0;
				GCC_PREPROCESSOR_DEFINITIONS = (
					"DEBUG=1",
					"$(inherited)",
				);
				GCC_SYMBOLS_PRIVATE_EXTERN = NO;
				GCC_WARN_64_TO_32_BIT_CONVERSION = YES;
				GCC_WARN_ABOUT_RETURN_TYPE = YES_ERROR;
				GCC_WARN_UNDECLARED_SELECTOR = YES;
				GCC_WARN_UNINITIALIZED_AUTOS = YES_AGGRESSIVE;
				GCC_WARN_UNUSED_FUNCTION = YES;
				GCC_WARN_UNUSED_VARIABLE = YES;
				IPHONEOS_DEPLOYMENT_TARGET = 7.1;
				ONLY_ACTIVE_ARCH = YES;
				SDKROOT = iphoneos;
			};
			name = Debug;
		};
		527CCBD4190DD1CF004DFD92 /* Release */ = {
			isa = XCBuildConfiguration;
			buildSettings = {
				ALWAYS_SEARCH_USER_PATHS = NO;
				CLANG_CXX_LANGUAGE_STANDARD = "gnu++0x";
				CLANG_CXX_LIBRARY = "libc++";
				CLANG_ENABLE_MODULES = YES;
				CLANG_ENABLE_OBJC_ARC = YES;
				CLANG_WARN_BOOL_CONVERSION = YES;
				CLANG_WARN_CONSTANT_CONVERSION = YES;
				CLANG_WARN_DIRECT_OBJC_ISA_USAGE = YES_ERROR;
				CLANG_WARN_EMPTY_BODY = YES;
				CLANG_WARN_ENUM_CONVERSION = YES;
				CLANG_WARN_INT_CONVERSION = YES;
				CLANG_WARN_OBJC_ROOT_CLASS = YES_ERROR;
				CLANG_WARN__DUPLICATE_METHOD_MATCH = YES;
				"CODE_SIGN_IDENTITY[sdk=iphoneos*]" = "iPhone Developer";
				COPY_PHASE_STRIP = YES;
				ENABLE_NS_ASSERTIONS = NO;
				GCC_C_LANGUAGE_STANDARD = gnu99;
				GCC_WARN_64_TO_32_BIT_CONVERSION = YES;
				GCC_WARN_ABOUT_RETURN_TYPE = YES_ERROR;
				GCC_WARN_UNDECLARED_SELECTOR = YES;
				GCC_WARN_UNINITIALIZED_AUTOS = YES_AGGRESSIVE;
				GCC_WARN_UNUSED_FUNCTION = YES;
				GCC_WARN_UNUSED_VARIABLE = YES;
				IPHONEOS_DEPLOYMENT_TARGET = 7.1;
				SDKROOT = iphoneos;
				VALIDATE_PRODUCT = YES;
			};
			name = Release;
		};
		527CCBD6190DD1CF004DFD92 /* Debug */ = {
			isa = XCBuildConfiguration;
			baseConfigurationReference = 34CB08749A3D45D98F9363E5 /* Pods-RESTEasyApp.xcconfig */;
			buildSettings = {
				ASSETCATALOG_COMPILER_APPICON_NAME = AppIcon;
				ASSETCATALOG_COMPILER_LAUNCHIMAGE_NAME = LaunchImage;
				GCC_PRECOMPILE_PREFIX_HEADER = YES;
				GCC_PREFIX_HEADER = "RESTEasyApp/RESTEasyApp-Prefix.pch";
				INFOPLIST_FILE = "RESTEasyApp/RESTEasyApp-Info.plist";
				PRODUCT_NAME = "$(TARGET_NAME)";
				WRAPPER_EXTENSION = app;
			};
			name = Debug;
		};
		527CCBD7190DD1CF004DFD92 /* Release */ = {
			isa = XCBuildConfiguration;
			baseConfigurationReference = 34CB08749A3D45D98F9363E5 /* Pods-RESTEasyApp.xcconfig */;
			buildSettings = {
				ASSETCATALOG_COMPILER_APPICON_NAME = AppIcon;
				ASSETCATALOG_COMPILER_LAUNCHIMAGE_NAME = LaunchImage;
				GCC_PRECOMPILE_PREFIX_HEADER = YES;
				GCC_PREFIX_HEADER = "RESTEasyApp/RESTEasyApp-Prefix.pch";
				INFOPLIST_FILE = "RESTEasyApp/RESTEasyApp-Info.plist";
				PRODUCT_NAME = "$(TARGET_NAME)";
				WRAPPER_EXTENSION = app;
			};
			name = Release;
		};
/* End XCBuildConfiguration section */

/* Begin XCConfigurationList section */
		527CCB9E190DD1CF004DFD92 /* Build configuration list for PBXProject "RESTEasyApp" */ = {
			isa = XCConfigurationList;
			buildConfigurations = (
				527CCBD3190DD1CF004DFD92 /* Debug */,
				527CCBD4190DD1CF004DFD92 /* Release */,
			);
			defaultConfigurationIsVisible = 0;
			defaultConfigurationName = Release;
		};
		527CCBD5190DD1CF004DFD92 /* Build configuration list for PBXNativeTarget "RESTEasyApp" */ = {
			isa = XCConfigurationList;
			buildConfigurations = (
				527CCBD6190DD1CF004DFD92 /* Debug */,
				527CCBD7190DD1CF004DFD92 /* Release */,
			);
			defaultConfigurationIsVisible = 0;
			defaultConfigurationName = Release;
		};
/* End XCConfigurationList section */
	};
	rootObject = 527CCB9B190DD1CF004DFD92 /* Project object */;
}
